{
  "name": "nsw_digital_design_systems_generator",
  "version": "1.0.0",
  "lockfileVersion": 1,
  "requires": true,
  "dependencies": {
    "nsw-design-system": {
      "version": "2.3.0",
      "resolved": "https://registry.npmjs.org/nsw-design-system/-/nsw-design-system-2.3.0.tgz",
      "integrity": "sha512-cFjkym+2WDqYSuQpOYLqbS9ImZBJ3c+tnoDz7ehlU5zu02irEotK7F4ZXBefoUO+yaDmPDtF21F7T+th2s8rHw=="
    }
  }
}
